{
  "name": "@tradle/gen-samples",
  "version": "1.0.0",
  "dependencies": {
    "@tradle/bitcoinjs-lib": {
      "version": "1.6.0",
      "from": "@tradle/bitcoinjs-lib@>=1.6.0 <2.0.0",
      "resolved": "https://registry.npmjs.org/@tradle/bitcoinjs-lib/-/bitcoinjs-lib-1.6.0.tgz"
    },
    "@tradle/build-resource": {
      "version": "1.0.0",
      "from": "tradle/build-resource",
      "resolved": "git://github.com/tradle/build-resource.git#32f9f1f280fc16d15fe9bdf27ed5349691f12e24"
    },
    "@tradle/constants": {
      "version": "2.1.0",
      "from": "@tradle/constants@>=2.1.0 <3.0.0",
      "resolved": "https://registry.npmjs.org/@tradle/constants/-/constants-2.1.0.tgz"
    },
    "@tradle/engine": {
      "version": "4.10.0",
      "from": "@tradle/engine@>=4.10.0 <5.0.0",
      "resolved": "https://registry.npmjs.org/@tradle/engine/-/engine-4.10.0.tgz"
    },
    "@tradle/merge-models": {
      "version": "1.0.0",
      "from": "tradle/merge-models",
      "resolved": "git://github.com/tradle/merge-models.git#d7a79908d5964b0be2c67742e7a4858f6a05ad5d"
    },
    "@tradle/protocol": {
      "version": "2.3.0",
      "from": "@tradle/protocol@2.3.0",
      "resolved": "https://registry.npmjs.org/@tradle/protocol/-/protocol-2.3.0.tgz"
    },
    "@tradle/validate-model": {
      "version": "1.0.0",
      "from": "tradle/validate-model",
      "resolved": "git://github.com/tradle/validate-model.git#3f5f16000b26c93bf8bbd770003e7a70d9a1664a"
    },
    "@tradle/validate-resource": {
      "version": "1.0.0",
      "from": "tradle/validate-resource",
      "resolved": "git://github.com/tradle/validate-resource.git#8fabd487419f593b3b3afda2cf956ce9effaf73f",
      "dependencies": {
        "debug": {
          "version": "3.0.0",
          "from": "debug@>=3.0.0 <4.0.0",
          "resolved": "https://registry.npmjs.org/debug/-/debug-3.0.0.tgz"
        }
      }
    },
    "abstract-leveldown": {
      "version": "0.12.4",
      "from": "abstract-leveldown@>=0.12.1 <0.13.0",
      "resolved": "https://registry.npmjs.org/abstract-leveldown/-/abstract-leveldown-0.12.4.tgz",
      "dependencies": {
        "xtend": {
          "version": "3.0.0",
          "from": "xtend@>=3.0.0 <3.1.0",
          "resolved": "https://registry.npmjs.org/xtend/-/xtend-3.0.0.tgz"
        }
      }
    },
    "acorn": {
      "version": "5.1.1",
      "from": "acorn@>=5.0.0 <6.0.0",
      "resolved": "https://registry.npmjs.org/acorn/-/acorn-5.1.1.tgz"
    },
    "amdefine": {
      "version": "1.0.1",
      "from": "amdefine@>=0.0.4",
      "resolved": "https://registry.npmjs.org/amdefine/-/amdefine-1.0.1.tgz",
      "optional": true
    },
    "ansi-regex": {
      "version": "2.1.1",
      "from": "ansi-regex@>=2.0.0 <3.0.0",
      "resolved": "https://registry.npmjs.org/ansi-regex/-/ansi-regex-2.1.1.tgz"
    },
    "aproba": {
      "version": "1.1.2",
      "from": "aproba@>=1.0.3 <2.0.0",
      "resolved": "https://registry.npmjs.org/aproba/-/aproba-1.1.2.tgz"
    },
    "are-we-there-yet": {
      "version": "1.1.4",
      "from": "are-we-there-yet@>=1.1.2 <1.2.0",
      "resolved": "https://registry.npmjs.org/are-we-there-yet/-/are-we-there-yet-1.1.4.tgz",
      "dependencies": {
        "readable-stream": {
          "version": "2.3.3",
          "from": "readable-stream@>=2.0.6 <3.0.0",
          "resolved": "https://registry.npmjs.org/readable-stream/-/readable-stream-2.3.3.tgz"
        }
      }
    },
    "array-shuffle": {
      "version": "1.0.1",
      "from": "array-shuffle@>=1.0.1 <2.0.0",
      "resolved": "https://registry.npmjs.org/array-shuffle/-/array-shuffle-1.0.1.tgz"
    },
    "async": {
      "version": "2.5.0",
      "from": "async@>=2.0.0-rc.4 <3.0.0",
      "resolved": "https://registry.npmjs.org/async/-/async-2.5.0.tgz"
    },
    "backoff": {
      "version": "2.5.0",
      "from": "backoff@>=2.5.0 <3.0.0",
      "resolved": "https://registry.npmjs.org/backoff/-/backoff-2.5.0.tgz"
    },
    "base-x": {
      "version": "1.1.0",
      "from": "base-x@>=1.1.0 <2.0.0",
      "resolved": "https://registry.npmjs.org/base-x/-/base-x-1.1.0.tgz"
    },
    "base64-js": {
      "version": "0.0.2",
      "from": "base64-js@0.0.2",
      "resolved": "https://registry.npmjs.org/base64-js/-/base64-js-0.0.2.tgz"
    },
    "bigi": {
      "version": "1.4.2",
      "from": "bigi@>=1.4.0 <2.0.0",
      "resolved": "https://registry.npmjs.org/bigi/-/bigi-1.4.2.tgz"
    },
    "bindings": {
      "version": "1.3.0",
      "from": "bindings@>=1.2.1 <2.0.0",
      "resolved": "https://registry.npmjs.org/bindings/-/bindings-1.3.0.tgz"
    },
    "bip66": {
      "version": "1.1.5",
      "from": "bip66@>=1.1.3 <2.0.0",
      "resolved": "https://registry.npmjs.org/bip66/-/bip66-1.1.5.tgz"
    },
    "bl": {
      "version": "1.2.1",
      "from": "bl@>=1.0.0 <2.0.0",
      "resolved": "https://registry.npmjs.org/bl/-/bl-1.2.1.tgz",
      "dependencies": {
        "readable-stream": {
          "version": "2.3.3",
          "from": "readable-stream@>=2.0.5 <3.0.0",
          "resolved": "https://registry.npmjs.org/readable-stream/-/readable-stream-2.3.3.tgz"
        }
      }
    },
    "bn.js": {
      "version": "4.11.8",
      "from": "bn.js@>=4.4.0 <5.0.0",
      "resolved": "https://registry.npmjs.org/bn.js/-/bn.js-4.11.8.tgz"
    },
    "bops": {
      "version": "0.1.1",
      "from": "bops@>=0.1.0 <0.2.0",
      "resolved": "https://registry.npmjs.org/bops/-/bops-0.1.1.tgz"
    },
    "brfs": {
      "version": "1.4.3",
      "from": "brfs@>=1.4.0 <2.0.0",
      "resolved": "https://registry.npmjs.org/brfs/-/brfs-1.4.3.tgz"
    },
    "brorand": {
      "version": "1.1.0",
      "from": "brorand@>=1.0.1 <2.0.0",
      "resolved": "https://registry.npmjs.org/brorand/-/brorand-1.1.0.tgz"
    },
    "browserify-aes": {
      "version": "1.0.6",
      "from": "browserify-aes@>=1.0.6 <2.0.0",
      "resolved": "https://registry.npmjs.org/browserify-aes/-/browserify-aes-1.0.6.tgz"
    },
    "bs58": {
      "version": "3.1.0",
      "from": "bs58@>=3.1.0 <4.0.0",
      "resolved": "https://registry.npmjs.org/bs58/-/bs58-3.1.0.tgz"
    },
    "bs58check": {
      "version": "1.3.4",
      "from": "bs58check@>=1.0.8 <2.0.0",
      "resolved": "https://registry.npmjs.org/bs58check/-/bs58check-1.3.4.tgz"
    },
    "buffer-equal": {
      "version": "0.0.1",
      "from": "buffer-equal@0.0.1",
      "resolved": "https://registry.npmjs.org/buffer-equal/-/buffer-equal-0.0.1.tgz"
    },
    "buffer-xor": {
      "version": "1.0.3",
      "from": "buffer-xor@>=1.0.2 <2.0.0",
      "resolved": "https://registry.npmjs.org/buffer-xor/-/buffer-xor-1.0.3.tgz"
    },
    "bytewise": {
      "version": "0.7.1",
      "from": "bytewise@>=0.7.1 <0.8.0",
      "resolved": "https://registry.npmjs.org/bytewise/-/bytewise-0.7.1.tgz"
    },
    "changes-feed": {
      "version": "1.1.0",
      "from": "mvayngrib/changes-feed",
      "resolved": "git://github.com/mvayngrib/changes-feed.git#dbe4f4ce2f0e9a1ba0a98926ab76134320a7ec3a",
      "dependencies": {
        "isarray": {
          "version": "0.0.1",
          "from": "isarray@0.0.1",
          "resolved": "https://registry.npmjs.org/isarray/-/isarray-0.0.1.tgz"
        },
        "readable-stream": {
          "version": "1.0.34",
          "from": "readable-stream@>=1.0.33-1 <1.1.0-0",
          "resolved": "https://registry.npmjs.org/readable-stream/-/readable-stream-1.0.34.tgz"
        },
        "string_decoder": {
          "version": "0.10.31",
          "from": "string_decoder@>=0.10.0 <0.11.0",
          "resolved": "https://registry.npmjs.org/string_decoder/-/string_decoder-0.10.31.tgz"
        },
        "through2": {
          "version": "0.6.5",
          "from": "through2@>=0.6.3 <0.7.0",
          "resolved": "https://registry.npmjs.org/through2/-/through2-0.6.5.tgz"
        }
      }
    },
    "chownr": {
      "version": "1.0.1",
      "from": "chownr@>=1.0.1 <2.0.0",
      "resolved": "https://registry.npmjs.org/chownr/-/chownr-1.0.1.tgz"
    },
    "cipher-base": {
      "version": "1.0.4",
      "from": "cipher-base@>=1.0.1 <2.0.0",
      "resolved": "https://registry.npmjs.org/cipher-base/-/cipher-base-1.0.4.tgz"
    },
    "clone": {
      "version": "2.1.1",
      "from": "clone@>=2.1.1 <3.0.0",
      "resolved": "https://registry.npmjs.org/clone/-/clone-2.1.1.tgz"
    },
    "code-point-at": {
      "version": "1.1.0",
      "from": "code-point-at@>=1.0.0 <2.0.0",
      "resolved": "https://registry.npmjs.org/code-point-at/-/code-point-at-1.1.0.tgz"
    },
    "concat-stream": {
      "version": "1.6.0",
      "from": "concat-stream@>=1.6.0 <1.7.0",
      "resolved": "https://registry.npmjs.org/concat-stream/-/concat-stream-1.6.0.tgz",
      "dependencies": {
        "readable-stream": {
          "version": "2.3.3",
          "from": "readable-stream@>=2.2.2 <3.0.0",
          "resolved": "https://registry.npmjs.org/readable-stream/-/readable-stream-2.3.3.tgz"
        }
      }
    },
    "console-control-strings": {
      "version": "1.1.0",
      "from": "console-control-strings@>=1.1.0 <1.2.0",
      "resolved": "https://registry.npmjs.org/console-control-strings/-/console-control-strings-1.1.0.tgz"
    },
    "core-util-is": {
      "version": "1.0.2",
      "from": "core-util-is@>=1.0.0 <1.1.0",
      "resolved": "https://registry.npmjs.org/core-util-is/-/core-util-is-1.0.2.tgz"
    },
    "create-hash": {
      "version": "1.1.3",
      "from": "create-hash@>=1.1.0 <2.0.0",
      "resolved": "https://registry.npmjs.org/create-hash/-/create-hash-1.1.3.tgz"
    },
    "create-hmac": {
      "version": "1.1.6",
      "from": "create-hmac@>=1.1.3 <2.0.0",
      "resolved": "https://registry.npmjs.org/create-hmac/-/create-hmac-1.1.6.tgz"
    },
    "debug": {
      "version": "2.6.8",
      "from": "debug@>=2.2.0 <3.0.0",
      "resolved": "https://registry.npmjs.org/debug/-/debug-2.6.8.tgz"
    },
    "deep-equal": {
      "version": "1.0.1",
      "from": "deep-equal@>=1.0.1 <2.0.0",
      "resolved": "https://registry.npmjs.org/deep-equal/-/deep-equal-1.0.1.tgz"
    },
    "deep-extend": {
      "version": "0.4.2",
      "from": "deep-extend@>=0.4.0 <0.5.0",
      "resolved": "https://registry.npmjs.org/deep-extend/-/deep-extend-0.4.2.tgz"
    },
    "deferred-leveldown": {
      "version": "0.2.0",
      "from": "deferred-leveldown@>=0.2.0 <0.3.0",
      "resolved": "https://registry.npmjs.org/deferred-leveldown/-/deferred-leveldown-0.2.0.tgz"
    },
    "defined": {
      "version": "0.0.0",
      "from": "defined@>=0.0.0 <0.1.0",
      "resolved": "https://registry.npmjs.org/defined/-/defined-0.0.0.tgz"
    },
    "delegates": {
      "version": "1.0.0",
      "from": "delegates@>=1.0.0 <2.0.0",
      "resolved": "https://registry.npmjs.org/delegates/-/delegates-1.0.0.tgz"
    },
    "dot-prop": {
      "version": "4.2.0",
      "from": "dot-prop@>=4.2.0 <5.0.0",
      "resolved": "https://registry.npmjs.org/dot-prop/-/dot-prop-4.2.0.tgz"
    },
    "drbg.js": {
      "version": "1.0.1",
      "from": "drbg.js@>=1.0.1 <2.0.0",
      "resolved": "https://registry.npmjs.org/drbg.js/-/drbg.js-1.0.1.tgz"
    },
    "duplexer2": {
      "version": "0.0.2",
      "from": "duplexer2@>=0.0.2 <0.1.0",
      "resolved": "https://registry.npmjs.org/duplexer2/-/duplexer2-0.0.2.tgz"
    },
    "ecurve": {
      "version": "1.0.5",
      "from": "ecurve@>=1.0.0 <2.0.0",
      "resolved": "https://registry.npmjs.org/ecurve/-/ecurve-1.0.5.tgz"
    },
    "elliptic": {
      "version": "6.4.0",
      "from": "elliptic@>=6.3.1 <7.0.0",
      "resolved": "https://registry.npmjs.org/elliptic/-/elliptic-6.4.0.tgz"
    },
    "end-of-stream": {
      "version": "1.4.0",
      "from": "end-of-stream@>=1.1.0 <2.0.0",
      "resolved": "https://registry.npmjs.org/end-of-stream/-/end-of-stream-1.4.0.tgz"
    },
    "errno": {
      "version": "0.1.4",
      "from": "errno@>=0.1.1 <0.2.0",
      "resolved": "https://registry.npmjs.org/errno/-/errno-0.1.4.tgz"
    },
    "error": {
      "version": "7.0.2",
      "from": "error@>=7.0.2 <8.0.0",
      "resolved": "https://registry.npmjs.org/error/-/error-7.0.2.tgz"
    },
    "escodegen": {
      "version": "1.3.3",
      "from": "escodegen@>=1.3.2 <1.4.0",
      "resolved": "https://registry.npmjs.org/escodegen/-/escodegen-1.3.3.tgz"
    },
    "esprima": {
      "version": "1.1.1",
      "from": "esprima@>=1.1.1 <1.2.0",
      "resolved": "https://registry.npmjs.org/esprima/-/esprima-1.1.1.tgz"
    },
    "estraverse": {
      "version": "1.5.1",
      "from": "estraverse@>=1.5.0 <1.6.0",
      "resolved": "https://registry.npmjs.org/estraverse/-/estraverse-1.5.1.tgz"
    },
    "esutils": {
      "version": "1.0.0",
      "from": "esutils@>=1.0.0 <1.1.0",
      "resolved": "https://registry.npmjs.org/esutils/-/esutils-1.0.0.tgz"
    },
    "evp_bytestokey": {
      "version": "1.0.0",
      "from": "evp_bytestokey@>=1.0.0 <2.0.0",
      "resolved": "https://registry.npmjs.org/evp_bytestokey/-/evp_bytestokey-1.0.0.tgz"
    },
    "expand-template": {
      "version": "1.0.3",
      "from": "expand-template@>=1.0.2 <2.0.0",
      "resolved": "https://registry.npmjs.org/expand-template/-/expand-template-1.0.3.tgz"
    },
    "faker": {
      "version": "4.1.0",
      "from": "faker@>=4.1.0 <5.0.0",
      "resolved": "https://registry.npmjs.org/faker/-/faker-4.1.0.tgz"
    },
    "falafel": {
      "version": "2.1.0",
      "from": "falafel@>=2.1.0 <3.0.0",
      "resolved": "https://registry.npmjs.org/falafel/-/falafel-2.1.0.tgz",
      "dependencies": {
        "isarray": {
          "version": "0.0.1",
          "from": "isarray@0.0.1",
          "resolved": "https://registry.npmjs.org/isarray/-/isarray-0.0.1.tgz"
        }
      }
    },
    "feed-indexer": {
      "version": "1.3.0",
      "from": "feed-indexer@1.3.0",
      "resolved": "https://registry.npmjs.org/feed-indexer/-/feed-indexer-1.3.0.tgz",
      "dependencies": {
        "readable-stream": {
          "version": "2.3.3",
          "from": "readable-stream@>=2.1.4 <3.0.0",
          "resolved": "https://registry.npmjs.org/readable-stream/-/readable-stream-2.3.3.tgz"
        }
      }
    },
    "flat-tree": {
      "version": "1.4.0",
      "from": "flat-tree@1.4.0",
      "resolved": "https://registry.npmjs.org/flat-tree/-/flat-tree-1.4.0.tgz"
    },
    "for-in": {
      "version": "1.0.2",
      "from": "for-in@>=1.0.1 <2.0.0",
      "resolved": "https://registry.npmjs.org/for-in/-/for-in-1.0.2.tgz"
    },
    "for-own": {
      "version": "0.1.5",
      "from": "for-own@>=0.1.4 <0.2.0",
      "resolved": "https://registry.npmjs.org/for-own/-/for-own-0.1.5.tgz"
    },
    "foreach": {
      "version": "2.0.5",
      "from": "foreach@>=2.0.5 <3.0.0",
      "resolved": "https://registry.npmjs.org/foreach/-/foreach-2.0.5.tgz"
    },
    "from2": {
      "version": "1.3.0",
      "from": "from2@>=1.3.0 <2.0.0",
      "resolved": "https://registry.npmjs.org/from2/-/from2-1.3.0.tgz"
    },
    "function-bind": {
      "version": "1.1.0",
      "from": "function-bind@>=1.0.2 <2.0.0",
      "resolved": "https://registry.npmjs.org/function-bind/-/function-bind-1.1.0.tgz"
    },
    "gauge": {
      "version": "2.7.4",
      "from": "gauge@>=2.7.3 <2.8.0",
      "resolved": "https://registry.npmjs.org/gauge/-/gauge-2.7.4.tgz"
    },
    "generate-function": {
      "version": "2.0.0",
      "from": "generate-function@>=2.0.0 <3.0.0",
      "resolved": "https://registry.npmjs.org/generate-function/-/generate-function-2.0.0.tgz"
    },
    "generate-object-property": {
      "version": "1.2.0",
      "from": "generate-object-property@>=1.2.0 <2.0.0",
      "resolved": "https://registry.npmjs.org/generate-object-property/-/generate-object-property-1.2.0.tgz"
    },
    "github-from-package": {
      "version": "0.0.0",
      "from": "github-from-package@0.0.0",
      "resolved": "https://registry.npmjs.org/github-from-package/-/github-from-package-0.0.0.tgz"
    },
    "has": {
      "version": "1.0.1",
      "from": "has@>=1.0.0 <2.0.0",
      "resolved": "https://registry.npmjs.org/has/-/has-1.0.1.tgz"
    },
    "has-unicode": {
      "version": "2.0.1",
      "from": "has-unicode@>=2.0.0 <3.0.0",
      "resolved": "https://registry.npmjs.org/has-unicode/-/has-unicode-2.0.1.tgz"
    },
    "hash-base": {
      "version": "2.0.2",
      "from": "hash-base@>=2.0.0 <3.0.0",
      "resolved": "https://registry.npmjs.org/hash-base/-/hash-base-2.0.2.tgz"
    },
    "hash.js": {
      "version": "1.1.3",
      "from": "hash.js@>=1.0.0 <2.0.0",
      "resolved": "https://registry.npmjs.org/hash.js/-/hash.js-1.1.3.tgz"
    },
    "hmac-drbg": {
      "version": "1.0.1",
      "from": "hmac-drbg@>=1.0.0 <2.0.0",
      "resolved": "https://registry.npmjs.org/hmac-drbg/-/hmac-drbg-1.0.1.tgz"
    },
    "hydration": {
      "version": "1.0.0",
      "from": "hydration@>=1.0.0 <2.0.0",
      "resolved": "https://registry.npmjs.org/hydration/-/hydration-1.0.0.tgz"
    },
    "inherits": {
      "version": "2.0.3",
      "from": "inherits@>=2.0.1 <3.0.0",
      "resolved": "https://registry.npmjs.org/inherits/-/inherits-2.0.3.tgz"
    },
    "ini": {
      "version": "1.3.4",
      "from": "ini@>=1.3.0 <1.4.0",
      "resolved": "https://registry.npmjs.org/ini/-/ini-1.3.4.tgz"
    },
    "is-extendable": {
      "version": "0.1.1",
      "from": "is-extendable@>=0.1.1 <0.2.0",
      "resolved": "https://registry.npmjs.org/is-extendable/-/is-extendable-0.1.1.tgz"
    },
    "is-fullwidth-code-point": {
      "version": "1.0.0",
      "from": "is-fullwidth-code-point@>=1.0.0 <2.0.0",
      "resolved": "https://registry.npmjs.org/is-fullwidth-code-point/-/is-fullwidth-code-point-1.0.0.tgz"
    },
    "is-obj": {
      "version": "1.0.1",
      "from": "is-obj@>=1.0.0 <2.0.0",
      "resolved": "https://registry.npmjs.org/is-obj/-/is-obj-1.0.1.tgz"
    },
    "is-property": {
      "version": "1.0.2",
      "from": "is-property@>=1.0.0 <2.0.0",
      "resolved": "https://registry.npmjs.org/is-property/-/is-property-1.0.2.tgz"
    },
    "isarray": {
      "version": "1.0.0",
      "from": "isarray@>=1.0.0 <1.1.0",
      "resolved": "https://registry.npmjs.org/isarray/-/isarray-1.0.0.tgz"
    },
    "isobject": {
      "version": "3.0.1",
      "from": "isobject@>=3.0.1 <4.0.0",
      "resolved": "https://registry.npmjs.org/isobject/-/isobject-3.0.1.tgz"
    },
    "json-stable-stringify": {
      "version": "1.0.1",
      "from": "json-stable-stringify@>=1.0.1 <2.0.0",
      "resolved": "https://registry.npmjs.org/json-stable-stringify/-/json-stable-stringify-1.0.1.tgz"
    },
    "jsonify": {
      "version": "0.0.0",
      "from": "jsonify@>=0.0.0 <0.1.0",
      "resolved": "https://registry.npmjs.org/jsonify/-/jsonify-0.0.0.tgz"
    },
    "level-change-processor": {
      "version": "1.0.0",
      "from": "git+https://github.com/mvayngrib/level-change-processor.git#7100404",
      "resolved": "git+https://github.com/mvayngrib/level-change-processor.git#7100404cfc465fd2428cf5f7e11f03fe241bd56b"
    },
    "level-codec": {
      "version": "6.1.0",
      "from": "level-codec@>=6.1.0 <6.2.0",
      "resolved": "https://registry.npmjs.org/level-codec/-/level-codec-6.1.0.tgz"
    },
    "level-errors": {
      "version": "1.0.5",
      "from": "level-errors@>=1.0.4 <2.0.0",
      "resolved": "https://registry.npmjs.org/level-errors/-/level-errors-1.0.5.tgz"
    },
    "level-iterator-stream": {
      "version": "1.3.1",
      "from": "level-iterator-stream@>=1.3.0 <1.4.0",
      "resolved": "https://registry.npmjs.org/level-iterator-stream/-/level-iterator-stream-1.3.1.tgz"
    },
    "level-live-stream": {
      "version": "1.4.11",
      "from": "level-live-stream@1.4.11",
      "resolved": "https://registry.npmjs.org/level-live-stream/-/level-live-stream-1.4.11.tgz"
    },
    "level-option-wrap": {
      "version": "1.1.0",
      "from": "level-option-wrap@>=1.1.0 <2.0.0",
      "resolved": "https://registry.npmjs.org/level-option-wrap/-/level-option-wrap-1.1.0.tgz"
    },
    "level-post": {
      "version": "1.0.5",
      "from": "level-post@>=1.0.3 <1.1.0",
      "resolved": "https://registry.npmjs.org/level-post/-/level-post-1.0.5.tgz",
      "dependencies": {
        "ltgt": {
          "version": "2.2.0",
          "from": "ltgt@>=2.1.2 <3.0.0",
          "resolved": "https://registry.npmjs.org/ltgt/-/ltgt-2.2.0.tgz"
        }
      }
    },
    "level-sublevel": {
      "version": "6.3.17",
      "from": "level-sublevel@>=6.3.1 <6.4.0",
      "resolved": "https://registry.npmjs.org/level-sublevel/-/level-sublevel-6.3.17.tgz",
      "dependencies": {
        "bl": {
          "version": "0.8.2",
          "from": "bl@>=0.8.1 <0.9.0",
          "resolved": "https://registry.npmjs.org/bl/-/bl-0.8.2.tgz"
        },
        "isarray": {
          "version": "0.0.1",
          "from": "isarray@0.0.1",
          "resolved": "https://registry.npmjs.org/isarray/-/isarray-0.0.1.tgz"
        },
        "levelup": {
          "version": "0.19.1",
          "from": "levelup@>=0.19.0 <0.20.0",
          "resolved": "https://registry.npmjs.org/levelup/-/levelup-0.19.1.tgz",
          "dependencies": {
            "xtend": {
              "version": "3.0.0",
              "from": "xtend@>=3.0.0 <3.1.0",
              "resolved": "https://registry.npmjs.org/xtend/-/xtend-3.0.0.tgz"
            }
          }
        },
        "readable-stream": {
          "version": "1.0.34",
          "from": "readable-stream@>=1.0.26 <1.1.0",
          "resolved": "https://registry.npmjs.org/readable-stream/-/readable-stream-1.0.34.tgz"
        },
        "string_decoder": {
          "version": "0.10.31",
          "from": "string_decoder@>=0.10.0 <0.11.0",
          "resolved": "https://registry.npmjs.org/string_decoder/-/string_decoder-0.10.31.tgz"
        }
      }
    },
    "levelup": {
      "version": "1.3.3",
      "from": "levelup@1.3.3",
      "resolved": "https://registry.npmjs.org/levelup/-/levelup-1.3.3.tgz",
      "dependencies": {
        "abstract-leveldown": {
          "version": "2.6.2",
          "from": "abstract-leveldown@>=2.6.0 <2.7.0",
          "resolved": "https://registry.npmjs.org/abstract-leveldown/-/abstract-leveldown-2.6.2.tgz"
        },
        "deferred-leveldown": {
          "version": "1.2.2",
          "from": "deferred-leveldown@>=1.2.1 <1.3.0",
          "resolved": "https://registry.npmjs.org/deferred-leveldown/-/deferred-leveldown-1.2.2.tgz"
        },
        "prr": {
          "version": "1.0.1",
          "from": "prr@>=1.0.1 <1.1.0",
          "resolved": "https://registry.npmjs.org/prr/-/prr-1.0.1.tgz"
        }
      }
    },
    "lexicographic-integer": {
      "version": "1.1.0",
      "from": "lexicographic-integer@>=1.1.0 <2.0.0",
      "resolved": "https://registry.npmjs.org/lexicographic-integer/-/lexicographic-integer-1.1.0.tgz"
    },
    "lodash": {
      "version": "4.17.4",
      "from": "lodash@>=4.14.0 <5.0.0",
      "resolved": "https://registry.npmjs.org/lodash/-/lodash-4.17.4.tgz"
    },
    "looper": {
      "version": "2.0.0",
      "from": "looper@>=2.0.0 <3.0.0",
      "resolved": "https://registry.npmjs.org/looper/-/looper-2.0.0.tgz"
    },
    "ltgt": {
      "version": "2.0.0",
      "from": "ltgt@>=2.0.0 <2.1.0",
      "resolved": "https://registry.npmjs.org/ltgt/-/ltgt-2.0.0.tgz"
    },
    "map-stream": {
      "version": "0.0.7",
      "from": "map-stream@0.0.7",
      "resolved": "https://registry.npmjs.org/map-stream/-/map-stream-0.0.7.tgz"
    },
    "merkle-proofs": {
      "version": "1.0.3",
      "from": "merkle-proofs@1.0.3",
      "resolved": "https://registry.npmjs.org/merkle-proofs/-/merkle-proofs-1.0.3.tgz",
      "dependencies": {
        "readable-stream": {
          "version": "2.3.3",
          "from": "readable-stream@>=2.1.0 <3.0.0",
          "resolved": "https://registry.npmjs.org/readable-stream/-/readable-stream-2.3.3.tgz"
        }
      }
    },
    "merkle-tree-stream": {
      "version": "3.0.3",
      "from": "git+https://github.com/mvayngrib/merkle-tree-stream.git#finalize",
      "resolved": "git+https://github.com/mvayngrib/merkle-tree-stream.git#ef1abd6b566a410f8cdc7190f0966b97f403e290",
      "dependencies": {
        "readable-stream": {
          "version": "2.3.3",
          "from": "readable-stream@>=2.0.5 <3.0.0",
          "resolved": "https://registry.npmjs.org/readable-stream/-/readable-stream-2.3.3.tgz"
        }
      }
    },
    "minimalistic-assert": {
      "version": "1.0.0",
      "from": "minimalistic-assert@>=1.0.0 <2.0.0",
      "resolved": "https://registry.npmjs.org/minimalistic-assert/-/minimalistic-assert-1.0.0.tgz"
    },
    "minimalistic-crypto-utils": {
      "version": "1.0.1",
      "from": "minimalistic-crypto-utils@>=1.0.0 <2.0.0",
      "resolved": "https://registry.npmjs.org/minimalistic-crypto-utils/-/minimalistic-crypto-utils-1.0.1.tgz"
    },
    "minimist": {
      "version": "1.2.0",
      "from": "minimist@>=1.1.3 <2.0.0",
      "resolved": "https://registry.npmjs.org/minimist/-/minimist-1.2.0.tgz"
    },
    "mkdirp": {
      "version": "0.5.1",
      "from": "mkdirp@>=0.5.1 <0.6.0",
      "resolved": "https://registry.npmjs.org/mkdirp/-/mkdirp-0.5.1.tgz",
      "dependencies": {
        "minimist": {
          "version": "0.0.8",
          "from": "minimist@0.0.8",
          "resolved": "https://registry.npmjs.org/minimist/-/minimist-0.0.8.tgz"
        }
      }
    },
    "ms": {
      "version": "2.0.0",
      "from": "ms@2.0.0",
      "resolved": "https://registry.npmjs.org/ms/-/ms-2.0.0.tgz"
    },
    "mutexify": {
      "version": "1.2.0",
      "from": "mutexify@>=1.1.0 <2.0.0",
      "resolved": "https://registry.npmjs.org/mutexify/-/mutexify-1.2.0.tgz"
    },
    "nan": {
      "version": "2.6.2",
      "from": "nan@>=2.2.1 <3.0.0",
      "resolved": "https://registry.npmjs.org/nan/-/nan-2.6.2.tgz"
    },
    "node-abi": {
      "version": "2.1.0",
      "from": "node-abi@>=2.0.0 <3.0.0",
      "resolved": "https://registry.npmjs.org/node-abi/-/node-abi-2.1.0.tgz"
    },
    "noop-logger": {
      "version": "0.1.1",
      "from": "noop-logger@>=0.1.1 <0.2.0",
      "resolved": "https://registry.npmjs.org/noop-logger/-/noop-logger-0.1.1.tgz"
    },
    "npmlog": {
      "version": "4.1.2",
      "from": "npmlog@>=4.0.1 <5.0.0",
      "resolved": "https://registry.npmjs.org/npmlog/-/npmlog-4.1.2.tgz"
    },
    "number-is-nan": {
      "version": "1.0.1",
      "from": "number-is-nan@>=1.0.0 <2.0.0",
      "resolved": "https://registry.npmjs.org/number-is-nan/-/number-is-nan-1.0.1.tgz"
    },
    "object-assign": {
      "version": "4.1.1",
      "from": "object-assign@>=4.1.0 <5.0.0",
      "resolved": "https://registry.npmjs.org/object-assign/-/object-assign-4.1.1.tgz"
    },
    "object-inspect": {
      "version": "0.4.0",
      "from": "object-inspect@>=0.4.0 <0.5.0",
      "resolved": "https://registry.npmjs.org/object-inspect/-/object-inspect-0.4.0.tgz"
    },
    "object-keys": {
      "version": "1.0.11",
      "from": "object-keys@>=1.0.6 <2.0.0",
      "resolved": "https://registry.npmjs.org/object-keys/-/object-keys-1.0.11.tgz"
    },
    "object.omit": {
      "version": "2.0.1",
      "from": "object.omit@>=2.0.1 <3.0.0",
      "resolved": "https://registry.npmjs.org/object.omit/-/object.omit-2.0.1.tgz"
    },
    "object.pick": {
      "version": "1.3.0",
      "from": "object.pick@>=1.2.0 <2.0.0",
      "resolved": "https://registry.npmjs.org/object.pick/-/object.pick-1.3.0.tgz"
    },
    "once": {
      "version": "1.4.0",
      "from": "once@>=1.3.3 <2.0.0",
      "resolved": "https://registry.npmjs.org/once/-/once-1.4.0.tgz"
    },
    "os-homedir": {
      "version": "1.0.2",
      "from": "os-homedir@>=1.0.1 <2.0.0",
      "resolved": "https://registry.npmjs.org/os-homedir/-/os-homedir-1.0.2.tgz"
    },
    "path-parse": {
      "version": "1.0.5",
      "from": "path-parse@>=1.0.5 <2.0.0",
      "resolved": "https://registry.npmjs.org/path-parse/-/path-parse-1.0.5.tgz"
    },
    "prebuild-install": {
      "version": "2.2.2",
      "from": "prebuild-install@>=2.0.0 <3.0.0",
      "resolved": "https://registry.npmjs.org/prebuild-install/-/prebuild-install-2.2.2.tgz"
    },
    "precond": {
      "version": "0.2.3",
      "from": "precond@>=0.2.0 <0.3.0",
      "resolved": "https://registry.npmjs.org/precond/-/precond-0.2.3.tgz"
    },
    "process-nextick-args": {
      "version": "1.0.7",
      "from": "process-nextick-args@>=1.0.6 <1.1.0",
      "resolved": "https://registry.npmjs.org/process-nextick-args/-/process-nextick-args-1.0.7.tgz"
    },
    "protocol-buffers": {
      "version": "3.2.1",
      "from": "protocol-buffers@>=3.2.1 <4.0.0",
      "resolved": "https://registry.npmjs.org/protocol-buffers/-/protocol-buffers-3.2.1.tgz"
    },
    "protocol-buffers-schema": {
      "version": "3.3.1",
      "from": "protocol-buffers-schema@>=3.1.1 <4.0.0",
      "resolved": "https://registry.npmjs.org/protocol-buffers-schema/-/protocol-buffers-schema-3.3.1.tgz"
    },
    "prr": {
      "version": "0.0.0",
      "from": "prr@>=0.0.0 <0.1.0",
      "resolved": "https://registry.npmjs.org/prr/-/prr-0.0.0.tgz"
    },
    "pull-cat": {
      "version": "1.1.11",
      "from": "pull-cat@>=1.1.9 <2.0.0",
      "resolved": "https://registry.npmjs.org/pull-cat/-/pull-cat-1.1.11.tgz"
    },
    "pull-core": {
      "version": "1.0.0",
      "from": "pull-core@>=1.0.0 <1.1.0",
      "resolved": "https://registry.npmjs.org/pull-core/-/pull-core-1.0.0.tgz"
    },
    "pull-level": {
      "version": "1.5.2",
      "from": "pull-level@>=1.4.1 <2.0.0",
      "resolved": "https://registry.npmjs.org/pull-level/-/pull-level-1.5.2.tgz",
      "dependencies": {
        "pull-stream": {
          "version": "3.6.0",
          "from": "pull-stream@>=3.4.0 <4.0.0",
          "resolved": "https://registry.npmjs.org/pull-stream/-/pull-stream-3.6.0.tgz"
        }
      }
    },
    "pull-pushable": {
      "version": "2.1.1",
      "from": "pull-pushable@>=2.0.0 <3.0.0",
      "resolved": "https://registry.npmjs.org/pull-pushable/-/pull-pushable-2.1.1.tgz"
    },
    "pull-stream": {
      "version": "2.21.0",
      "from": "pull-stream@>=2.21.0 <2.22.0",
      "resolved": "https://registry.npmjs.org/pull-stream/-/pull-stream-2.21.0.tgz"
    },
    "pull-stream-to-stream": {
      "version": "1.2.6",
      "from": "pull-stream-to-stream@>=1.2.4 <1.3.0",
      "resolved": "https://registry.npmjs.org/pull-stream-to-stream/-/pull-stream-to-stream-1.2.6.tgz"
    },
    "pull-window": {
      "version": "2.1.4",
      "from": "pull-window@>=2.1.4 <3.0.0",
      "resolved": "https://registry.npmjs.org/pull-window/-/pull-window-2.1.4.tgz"
    },
    "pump": {
      "version": "1.0.2",
      "from": "pump@>=1.0.1 <2.0.0",
      "resolved": "https://registry.npmjs.org/pump/-/pump-1.0.2.tgz"
    },
    "quote-stream": {
      "version": "1.0.2",
      "from": "quote-stream@>=1.0.1 <2.0.0",
      "resolved": "https://registry.npmjs.org/quote-stream/-/quote-stream-1.0.2.tgz"
    },
    "randombytes": {
      "version": "2.0.5",
      "from": "randombytes@>=2.0.1 <3.0.0",
      "resolved": "https://registry.npmjs.org/randombytes/-/randombytes-2.0.5.tgz"
    },
    "rc": {
      "version": "1.2.1",
      "from": "rc@>=1.1.6 <2.0.0",
      "resolved": "https://registry.npmjs.org/rc/-/rc-1.2.1.tgz"
    },
    "re-emitter": {
      "version": "1.1.3",
      "from": "re-emitter@>=1.1.3 <2.0.0",
      "resolved": "https://registry.npmjs.org/re-emitter/-/re-emitter-1.1.3.tgz"
    },
    "readable-stream": {
      "version": "1.1.14",
      "from": "readable-stream@>=1.0.34 <2.0.0",
      "resolved": "https://registry.npmjs.org/readable-stream/-/readable-stream-1.1.14.tgz",
      "dependencies": {
        "isarray": {
          "version": "0.0.1",
          "from": "isarray@0.0.1",
          "resolved": "https://registry.npmjs.org/isarray/-/isarray-0.0.1.tgz"
        },
        "string_decoder": {
          "version": "0.10.31",
          "from": "string_decoder@>=0.10.0 <0.11.0",
          "resolved": "https://registry.npmjs.org/string_decoder/-/string_decoder-0.10.31.tgz"
        }
      }
    },
    "resolve": {
      "version": "1.4.0",
      "from": "resolve@>=1.1.5 <2.0.0",
      "resolved": "https://registry.npmjs.org/resolve/-/resolve-1.4.0.tgz"
    },
    "ripemd160": {
      "version": "2.0.1",
      "from": "ripemd160@>=2.0.0 <3.0.0",
      "resolved": "https://registry.npmjs.org/ripemd160/-/ripemd160-2.0.1.tgz"
    },
    "run-parallel": {
      "version": "1.1.6",
      "from": "run-parallel@>=1.1.6 <2.0.0",
      "resolved": "https://registry.npmjs.org/run-parallel/-/run-parallel-1.1.6.tgz"
    },
    "safe-buffer": {
      "version": "5.1.1",
      "from": "safe-buffer@>=5.0.1 <6.0.0",
      "resolved": "https://registry.npmjs.org/safe-buffer/-/safe-buffer-5.1.1.tgz"
    },
    "secp256k1": {
      "version": "3.3.0",
      "from": "secp256k1@>=3.0.1 <4.0.0",
      "resolved": "https://registry.npmjs.org/secp256k1/-/secp256k1-3.3.0.tgz"
    },
    "semver": {
      "version": "5.1.1",
      "from": "semver@>=5.1.0 <5.2.0",
      "resolved": "https://registry.npmjs.org/semver/-/semver-5.1.1.tgz"
    },
    "set-blocking": {
      "version": "2.0.0",
      "from": "set-blocking@>=2.0.0 <2.1.0",
      "resolved": "https://registry.npmjs.org/set-blocking/-/set-blocking-2.0.0.tgz"
    },
    "sha.js": {
      "version": "2.4.8",
      "from": "sha.js@>=2.4.0 <3.0.0",
      "resolved": "https://registry.npmjs.org/sha.js/-/sha.js-2.4.8.tgz"
    },
    "shallow-copy": {
      "version": "0.0.1",
      "from": "shallow-copy@>=0.0.1 <0.1.0",
      "resolved": "https://registry.npmjs.org/shallow-copy/-/shallow-copy-0.0.1.tgz"
    },
    "signal-exit": {
      "version": "3.0.2",
      "from": "signal-exit@>=3.0.0 <4.0.0",
      "resolved": "https://registry.npmjs.org/signal-exit/-/signal-exit-3.0.2.tgz"
    },
    "signed-varint": {
      "version": "2.0.1",
      "from": "signed-varint@>=2.0.0 <3.0.0",
      "resolved": "https://registry.npmjs.org/signed-varint/-/signed-varint-2.0.1.tgz"
    },
    "simple-get": {
      "version": "1.4.3",
      "from": "simple-get@>=1.4.2 <2.0.0",
      "resolved": "https://registry.npmjs.org/simple-get/-/simple-get-1.4.3.tgz"
    },
    "source-map": {
      "version": "0.1.43",
      "from": "source-map@>=0.1.33 <0.2.0",
      "resolved": "https://registry.npmjs.org/source-map/-/source-map-0.1.43.tgz",
      "optional": true
    },
    "static-eval": {
      "version": "0.2.4",
      "from": "static-eval@>=0.2.0 <0.3.0",
      "resolved": "https://registry.npmjs.org/static-eval/-/static-eval-0.2.4.tgz",
      "dependencies": {
        "escodegen": {
          "version": "0.0.28",
          "from": "escodegen@>=0.0.24 <0.1.0",
          "resolved": "https://registry.npmjs.org/escodegen/-/escodegen-0.0.28.tgz"
        },
        "esprima": {
          "version": "1.0.4",
          "from": "esprima@>=1.0.2 <1.1.0",
          "resolved": "https://registry.npmjs.org/esprima/-/esprima-1.0.4.tgz"
        },
        "estraverse": {
          "version": "1.3.2",
          "from": "estraverse@>=1.3.0 <1.4.0",
          "resolved": "https://registry.npmjs.org/estraverse/-/estraverse-1.3.2.tgz"
        }
      }
    },
    "static-module": {
      "version": "1.5.0",
      "from": "static-module@>=1.1.0 <2.0.0",
      "resolved": "https://registry.npmjs.org/static-module/-/static-module-1.5.0.tgz",
      "dependencies": {
        "isarray": {
          "version": "0.0.1",
          "from": "isarray@0.0.1",
          "resolved": "https://registry.npmjs.org/isarray/-/isarray-0.0.1.tgz"
        },
        "minimist": {
          "version": "0.0.8",
          "from": "minimist@0.0.8",
          "resolved": "https://registry.npmjs.org/minimist/-/minimist-0.0.8.tgz"
        },
        "object-keys": {
          "version": "0.4.0",
          "from": "object-keys@>=0.4.0 <0.5.0",
          "resolved": "https://registry.npmjs.org/object-keys/-/object-keys-0.4.0.tgz"
        },
        "quote-stream": {
          "version": "0.0.0",
          "from": "quote-stream@>=0.0.0 <0.1.0",
          "resolved": "https://registry.npmjs.org/quote-stream/-/quote-stream-0.0.0.tgz"
        },
        "readable-stream": {
          "version": "1.0.34",
          "from": "readable-stream@>=1.0.27-1 <1.1.0",
          "resolved": "https://registry.npmjs.org/readable-stream/-/readable-stream-1.0.34.tgz"
        },
        "string_decoder": {
          "version": "0.10.31",
          "from": "string_decoder@>=0.10.0 <0.11.0",
          "resolved": "https://registry.npmjs.org/string_decoder/-/string_decoder-0.10.31.tgz"
        },
        "through2": {
          "version": "0.4.2",
          "from": "through2@>=0.4.1 <0.5.0",
          "resolved": "https://registry.npmjs.org/through2/-/through2-0.4.2.tgz"
        },
        "xtend": {
          "version": "2.1.2",
          "from": "xtend@>=2.1.1 <2.2.0",
          "resolved": "https://registry.npmjs.org/xtend/-/xtend-2.1.2.tgz"
        }
      }
    },
    "stream-collector": {
      "version": "1.0.1",
      "from": "stream-collector@>=1.0.1 <2.0.0",
      "resolved": "https://registry.npmjs.org/stream-collector/-/stream-collector-1.0.1.tgz"
    },
    "stream-combiner2": {
      "version": "1.1.1",
      "from": "stream-combiner2@>=1.1.1 <2.0.0",
      "resolved": "https://registry.npmjs.org/stream-combiner2/-/stream-combiner2-1.1.1.tgz",
      "dependencies": {
        "duplexer2": {
          "version": "0.1.4",
          "from": "duplexer2@>=0.1.0 <0.2.0",
          "resolved": "https://registry.npmjs.org/duplexer2/-/duplexer2-0.1.4.tgz"
        },
        "readable-stream": {
          "version": "2.3.3",
          "from": "readable-stream@>=2.0.2 <3.0.0",
          "resolved": "https://registry.npmjs.org/readable-stream/-/readable-stream-2.3.3.tgz"
        }
      }
    },
    "stream-to-pull-stream": {
      "version": "1.7.2",
      "from": "stream-to-pull-stream@>=1.6.6 <2.0.0",
      "resolved": "https://registry.npmjs.org/stream-to-pull-stream/-/stream-to-pull-stream-1.7.2.tgz",
      "dependencies": {
        "looper": {
          "version": "3.0.0",
          "from": "looper@>=3.0.0 <4.0.0",
          "resolved": "https://registry.npmjs.org/looper/-/looper-3.0.0.tgz"
        },
        "pull-stream": {
          "version": "3.6.0",
          "from": "pull-stream@>=3.2.3 <4.0.0",
          "resolved": "https://registry.npmjs.org/pull-stream/-/pull-stream-3.6.0.tgz"
        }
      }
    },
    "string_decoder": {
      "version": "1.0.3",
      "from": "string_decoder@>=1.0.3 <1.1.0",
      "resolved": "https://registry.npmjs.org/string_decoder/-/string_decoder-1.0.3.tgz"
    },
    "string-template": {
      "version": "0.2.1",
      "from": "string-template@>=0.2.1 <0.3.0",
      "resolved": "https://registry.npmjs.org/string-template/-/string-template-0.2.1.tgz"
    },
    "string-width": {
      "version": "1.0.2",
      "from": "string-width@>=1.0.1 <2.0.0",
      "resolved": "https://registry.npmjs.org/string-width/-/string-width-1.0.2.tgz"
    },
    "strip-ansi": {
      "version": "3.0.1",
      "from": "strip-ansi@>=3.0.1 <4.0.0",
      "resolved": "https://registry.npmjs.org/strip-ansi/-/strip-ansi-3.0.1.tgz"
    },
    "strip-json-comments": {
      "version": "2.0.1",
      "from": "strip-json-comments@>=2.0.1 <2.1.0",
      "resolved": "https://registry.npmjs.org/strip-json-comments/-/strip-json-comments-2.0.1.tgz"
    },
    "subleveldown": {
      "version": "2.1.0",
      "from": "subleveldown@>=2.1.0 <3.0.0",
      "resolved": "https://registry.npmjs.org/subleveldown/-/subleveldown-2.1.0.tgz",
      "dependencies": {
        "abstract-leveldown": {
          "version": "2.6.2",
          "from": "abstract-leveldown@>=2.4.1 <3.0.0",
          "resolved": "https://registry.npmjs.org/abstract-leveldown/-/abstract-leveldown-2.6.2.tgz"
        }
      }
    },
    "tar-fs": {
      "version": "1.15.3",
      "from": "tar-fs@>=1.13.0 <2.0.0",
      "resolved": "https://registry.npmjs.org/tar-fs/-/tar-fs-1.15.3.tgz"
    },
    "tar-stream": {
      "version": "1.5.4",
      "from": "tar-stream@>=1.1.2 <2.0.0",
      "resolved": "https://registry.npmjs.org/tar-stream/-/tar-stream-1.5.4.tgz",
      "dependencies": {
        "readable-stream": {
          "version": "2.3.3",
          "from": "readable-stream@>=2.0.0 <3.0.0",
          "resolved": "https://registry.npmjs.org/readable-stream/-/readable-stream-2.3.3.tgz"
        }
      }
    },
    "through2": {
      "version": "2.0.3",
      "from": "through2@>=2.0.1 <3.0.0",
      "resolved": "https://registry.npmjs.org/through2/-/through2-2.0.3.tgz",
      "dependencies": {
        "readable-stream": {
          "version": "2.3.3",
          "from": "readable-stream@>=2.1.5 <3.0.0",
          "resolved": "https://registry.npmjs.org/readable-stream/-/readable-stream-2.3.3.tgz"
        }
      }
    },
    "thunky": {
      "version": "0.1.0",
      "from": "thunky@>=0.1.0 <0.2.0",
      "resolved": "https://registry.npmjs.org/thunky/-/thunky-0.1.0.tgz"
    },
    "to-utf8": {
      "version": "0.0.1",
      "from": "to-utf8@0.0.1",
      "resolved": "https://registry.npmjs.org/to-utf8/-/to-utf8-0.0.1.tgz"
    },
    "traverse": {
      "version": "0.6.6",
      "from": "traverse@>=0.6.6 <0.7.0",
      "resolved": "https://registry.npmjs.org/traverse/-/traverse-0.6.6.tgz"
    },
    "tunnel-agent": {
      "version": "0.6.0",
      "from": "tunnel-agent@>=0.6.0 <0.7.0",
      "resolved": "https://registry.npmjs.org/tunnel-agent/-/tunnel-agent-0.6.0.tgz"
    },
    "typedarray": {
      "version": "0.0.6",
      "from": "typedarray@>=0.0.6 <0.0.7",
      "resolved": "https://registry.npmjs.org/typedarray/-/typedarray-0.0.6.tgz"
    },
    "typeforce": {
      "version": "1.11.3",
      "from": "typeforce@>=1.11.1 <2.0.0",
      "resolved": "https://registry.npmjs.org/typeforce/-/typeforce-1.11.3.tgz"
    },
    "typewiselite": {
      "version": "1.0.0",
      "from": "typewiselite@>=1.0.0 <1.1.0",
      "resolved": "https://registry.npmjs.org/typewiselite/-/typewiselite-1.0.0.tgz"
    },
    "uniq": {
      "version": "1.0.1",
      "from": "uniq@>=1.0.1 <2.0.0",
      "resolved": "https://registry.npmjs.org/uniq/-/uniq-1.0.1.tgz"
    },
    "unzip-response": {
      "version": "1.0.2",
      "from": "unzip-response@>=1.0.0 <2.0.0",
      "resolved": "https://registry.npmjs.org/unzip-response/-/unzip-response-1.0.2.tgz"
    },
    "util-deprecate": {
      "version": "1.0.2",
      "from": "util-deprecate@>=1.0.1 <1.1.0",
      "resolved": "https://registry.npmjs.org/util-deprecate/-/util-deprecate-1.0.2.tgz"
    },
    "varint": {
      "version": "5.0.0",
      "from": "varint@>=5.0.0 <6.0.0",
      "resolved": "https://registry.npmjs.org/varint/-/varint-5.0.0.tgz"
    },
    "wide-align": {
      "version": "1.1.2",
      "from": "wide-align@>=1.1.0 <2.0.0",
      "resolved": "https://registry.npmjs.org/wide-align/-/wide-align-1.1.2.tgz"
    },
    "wrappy": {
      "version": "1.0.2",
      "from": "wrappy@>=1.0.0 <2.0.0",
      "resolved": "https://registry.npmjs.org/wrappy/-/wrappy-1.0.2.tgz"
    },
    "xtend": {
      "version": "4.0.1",
      "from": "xtend@>=4.0.1 <5.0.0",
      "resolved": "https://registry.npmjs.org/xtend/-/xtend-4.0.1.tgz"
    }
  }
}
