# THIS IS AN AUTOGENERATED FILE. DO NOT EDIT THIS FILE DIRECTLY.
# yarn lockfile v1


"@tradle/custom-models@file:../custom-models":
  version "4.10.10"
  dependencies:
    minimist "^1.2.0"
    typeforce "^1.10.6"
    write-file-atomic "^1.1.4"

"@tradle/merge-models@tradle/merge-models":
  version "1.0.0"
  resolved "https://codeload.github.com/tradle/merge-models/tar.gz/d7a79908d5964b0be2c67742e7a4858f6a05ad5d"
  dependencies:
    deep-equal "^1.0.1"
    xtend "^4.0.1"

"@tradle/models@file:../models":
  version "4.10.10"
  dependencies:
    minimist "^1.2.0"
    typeforce "^1.10.6"
    write-file-atomic "^1.1.4"

"@tradle/models@https://github.com/tradle/models":
  version "4.10.10"
  resolved "https://github.com/tradle/models#4933cc86dfd95971b88f61b0507589cbe61b87bd"
  dependencies:
    minimist "^1.2.0"
    typeforce "^1.10.6"
    write-file-atomic "^1.1.4"

"@tradle/validate-model@tradle/validate-model":
  version "1.0.0"
  resolved "https://codeload.github.com/tradle/validate-model/tar.gz/5ccb34131fbd3c6152bc966d6548c0724774ddd9"
  dependencies:
    object.omit "^2.0.1"
    object.pick "^1.2.0"
    typeforce "^1.10.6"
    xtend "^4.0.1"

"@tradle/validate-resource@tradle/validate-resource":
  version "1.0.0"
  resolved "https://codeload.github.com/tradle/validate-resource/tar.gz/488a74d590efec7e4eaa5d26af0ad95b4698d9d0"
  dependencies:
    object.omit "^2.0.1"
    object.pick "^1.2.0"
    traverse "^0.6.6"

chance@^1.0.4:
  version "1.0.10"
  resolved "https://registry.yarnpkg.com/chance/-/chance-1.0.10.tgz#03500b04ad94e778dd2891b09ec73a6ad87b1996"

clone@^2.1.1:
  version "2.1.1"
  resolved "https://registry.yarnpkg.com/clone/-/clone-2.1.1.tgz#d217d1e961118e3ac9a4b8bba3285553bf647cdb"

deep-equal@^1.0.1:
  version "1.0.1"
  resolved "https://registry.yarnpkg.com/deep-equal/-/deep-equal-1.0.1.tgz#f5d260292b660e084eff4cdbc9f08ad3247448b5"

deep-extend@^0.4.0:
  version "0.4.2"
  resolved "https://registry.yarnpkg.com/deep-extend/-/deep-extend-0.4.2.tgz#48b699c27e334bf89f10892be432f6e4c7d34a7f"

deref@^0.6.4:
  version "0.6.4"
  resolved "https://registry.yarnpkg.com/deref/-/deref-0.6.4.tgz#bd5a96d45dbed3011bb81bdf68ddf54be8e1bd4e"
  dependencies:
    deep-extend "^0.4.0"

discontinuous-range@1.0.0:
  version "1.0.0"
  resolved "https://registry.yarnpkg.com/discontinuous-range/-/discontinuous-range-1.0.0.tgz#e38331f0844bba49b9a9cb71c771585aab1bc65a"

faker@3.0.1:
  version "3.0.1"
  resolved "https://registry.yarnpkg.com/faker/-/faker-3.0.1.tgz#c36278cd423f3c5375bc270466a223485c0e7bb2"

faker@^4.1.0:
  version "4.1.0"
  resolved "https://registry.yarnpkg.com/faker/-/faker-4.1.0.tgz#1e45bbbecc6774b3c195fad2835109c6d748cc3f"

for-in@^1.0.1:
  version "1.0.2"
  resolved "https://registry.yarnpkg.com/for-in/-/for-in-1.0.2.tgz#81068d295a8142ec0ac726c6e2200c30fb6d5e80"

for-own@^0.1.4:
  version "0.1.5"
  resolved "https://registry.yarnpkg.com/for-own/-/for-own-0.1.5.tgz#5265c681a4f294dabbf17c9509b6763aa84510ce"
  dependencies:
    for-in "^1.0.1"

graceful-fs@^4.1.11:
  version "4.1.11"
  resolved "https://registry.yarnpkg.com/graceful-fs/-/graceful-fs-4.1.11.tgz#0e8bdfe4d1ddb8854d64e04ea7c00e2a026e5658"

imurmurhash@^0.1.4:
  version "0.1.4"
  resolved "https://registry.yarnpkg.com/imurmurhash/-/imurmurhash-0.1.4.tgz#9218b9b2b928a238b13dc4fb6b6d576f231453ea"

inherits@^2.0.1:
  version "2.0.3"
  resolved "https://registry.yarnpkg.com/inherits/-/inherits-2.0.3.tgz#633c2c83e3da42a502f52466022480f4208261de"

is-extendable@^0.1.1:
  version "0.1.1"
  resolved "https://registry.yarnpkg.com/is-extendable/-/is-extendable-0.1.1.tgz#62b110e289a471418e3ec36a617d472e301dfc89"

isarray@1.0.0:
  version "1.0.0"
  resolved "https://registry.yarnpkg.com/isarray/-/isarray-1.0.0.tgz#bb935d48582cba168c06834957a54a3e07124f11"

isobject@^2.1.0:
  version "2.1.0"
  resolved "https://registry.yarnpkg.com/isobject/-/isobject-2.1.0.tgz#f065561096a3f1da2ef46272f815c840d87e0c89"
  dependencies:
    isarray "1.0.0"

json-schema-faker@~0.4:
  version "0.4.3"
  resolved "https://registry.yarnpkg.com/json-schema-faker/-/json-schema-faker-0.4.3.tgz#ac623c50e18cebd37e1e3bd7d05e86dfd040b412"
  dependencies:
    chance "^1.0.4"
    deref "^0.6.4"
    faker "3.0.1"
    randexp "^0.4.3"

minimist@^1.2.0:
  version "1.2.0"
  resolved "https://registry.yarnpkg.com/minimist/-/minimist-1.2.0.tgz#a35008b20f41383eec1fb914f4cd5df79a264284"

object.omit@^2.0.1:
  version "2.0.1"
  resolved "https://registry.yarnpkg.com/object.omit/-/object.omit-2.0.1.tgz#1a9c744829f39dbb858c76ca3579ae2a54ebd1fa"
  dependencies:
    for-own "^0.1.4"
    is-extendable "^0.1.1"

object.pick@^1.2.0:
  version "1.2.0"
  resolved "https://registry.yarnpkg.com/object.pick/-/object.pick-1.2.0.tgz#b5392bee9782da6d9fb7d6afaf539779f1234c2b"
  dependencies:
    isobject "^2.1.0"

randexp@^0.4.3:
  version "0.4.5"
  resolved "https://registry.yarnpkg.com/randexp/-/randexp-0.4.5.tgz#ffe3a80c3f666cd71e6b008e477e584c1a32ff3e"
  dependencies:
    discontinuous-range "1.0.0"
    ret "~0.1.10"

ret@~0.1.10:
  version "0.1.14"
  resolved "https://registry.yarnpkg.com/ret/-/ret-0.1.14.tgz#58c636837b12e161f8a380cf081c6a230fd1664e"

slide@^1.1.5:
  version "1.1.6"
  resolved "https://registry.yarnpkg.com/slide/-/slide-1.1.6.tgz#56eb027d65b4d2dce6cb2e2d32c4d4afc9e1d707"

traverse@^0.6.6:
  version "0.6.6"
  resolved "https://registry.yarnpkg.com/traverse/-/traverse-0.6.6.tgz#cbdf560fd7b9af632502fed40f918c157ea97137"

typeforce@^1.10.6, typeforce@^1.11.1:
  version "1.11.1"
  resolved "https://registry.yarnpkg.com/typeforce/-/typeforce-1.11.1.tgz#ab66f3b094856d00ed0c8913b0742d3dabfafe62"
  dependencies:
    inherits "^2.0.1"

uniq@^1.0.1:
  version "1.0.1"
  resolved "https://registry.yarnpkg.com/uniq/-/uniq-1.0.1.tgz#b31c5ae8254844a3a8281541ce2b04b865a734ff"

write-file-atomic@^1.1.4:
  version "1.3.4"
  resolved "https://registry.yarnpkg.com/write-file-atomic/-/write-file-atomic-1.3.4.tgz#f807a4f0b1d9e913ae7a48112e6cc3af1991b45f"
  dependencies:
    graceful-fs "^4.1.11"
    imurmurhash "^0.1.4"
    slide "^1.1.5"

xtend@^4.0.1:
  version "4.0.1"
  resolved "https://registry.yarnpkg.com/xtend/-/xtend-4.0.1.tgz#a5c6d532be656e23db820efb943a1f04998d63af"
